// !$*UTF8*$!
{
	archiveVersion = 1;
	classes = {
	};
	objectVersion = 46;
	objects = {

/* Begin PBXBuildFile section */
		1A4140F8729E1FC3C7B6B1DF /* Pods_IntegrationTests.framework in Frameworks */ = {isa = PBXBuildFile; fileRef = 8D126776005D773F26E28AEE /* Pods_IntegrationTests.framework */; };
		70F41E728D67DB2D52369B26 /* Pods_PatriotTests.framework in Frameworks */ = {isa = PBXBuildFile; fileRef = 0FC5B585582339570622CC4E /* Pods_PatriotTests.framework */; };
		9820D3696E6F7AB1A5EEF0EE /* Pods_Patriot.framework in Frameworks */ = {isa = PBXBuildFile; fileRef = 6896CA38F42FD381333A5B0B /* Pods_Patriot.framework */; };
		E432A1481EB607D4003C9E0E /* PhotonIntegrationTests.swift in Sources */ = {isa = PBXBuildFile; fileRef = E432A1461EB607D4003C9E0E /* PhotonIntegrationTests.swift */; };
		E432A1491EB607D4003C9E0E /* PhotonManagerIntegrationTests.swift in Sources */ = {isa = PBXBuildFile; fileRef = E432A1471EB607D4003C9E0E /* PhotonManagerIntegrationTests.swift */; };
		E432A14C1EB607E3003C9E0E /* Photon.swift in Sources */ = {isa = PBXBuildFile; fileRef = E432A14A1EB607E3003C9E0E /* Photon.swift */; };
		E432A14D1EB607E3003C9E0E /* PhotonManager.swift in Sources */ = {isa = PBXBuildFile; fileRef = E432A14B1EB607E3003C9E0E /* PhotonManager.swift */; };
		E432A14F1EB60879003C9E0E /* Photon.swift in Sources */ = {isa = PBXBuildFile; fileRef = E432A14A1EB607E3003C9E0E /* Photon.swift */; };
		E432A1501EB6087A003C9E0E /* Photon.swift in Sources */ = {isa = PBXBuildFile; fileRef = E432A14A1EB607E3003C9E0E /* Photon.swift */; };
		E432A1511EB6087E003C9E0E /* PhotonManager.swift in Sources */ = {isa = PBXBuildFile; fileRef = E432A14B1EB607E3003C9E0E /* PhotonManager.swift */; };
		E432A1521EB6087F003C9E0E /* PhotonManager.swift in Sources */ = {isa = PBXBuildFile; fileRef = E432A14B1EB607E3003C9E0E /* PhotonManager.swift */; };
		E432A1541EB609B4003C9E0E /* DeviceNotifying.swift in Sources */ = {isa = PBXBuildFile; fileRef = E432A1531EB609B4003C9E0E /* DeviceNotifying.swift */; };
		E432A1551EB609CA003C9E0E /* DeviceNotifying.swift in Sources */ = {isa = PBXBuildFile; fileRef = E432A1531EB609B4003C9E0E /* DeviceNotifying.swift */; };
		E432A1561EB609CB003C9E0E /* DeviceNotifying.swift in Sources */ = {isa = PBXBuildFile; fileRef = E432A1531EB609B4003C9E0E /* DeviceNotifying.swift */; };
		E432A1581EB60A0A003C9E0E /* secret.swift in Sources */ = {isa = PBXBuildFile; fileRef = E432A1571EB60A0A003C9E0E /* secret.swift */; };
		E432A15A1EB60A10003C9E0E /* secret.swift in Sources */ = {isa = PBXBuildFile; fileRef = E432A1571EB60A0A003C9E0E /* secret.swift */; };
		E432A15C1EB60A7C003C9E0E /* Hardware.swift in Sources */ = {isa = PBXBuildFile; fileRef = E432A15B1EB60A7C003C9E0E /* Hardware.swift */; };
		E432A15F1EB60BAE003C9E0E /* ActivityNotifying.swift in Sources */ = {isa = PBXBuildFile; fileRef = E432A15E1EB60BAE003C9E0E /* ActivityNotifying.swift */; };
		E432A1611EB60BE9003C9E0E /* ActivityNotifying.swift in Sources */ = {isa = PBXBuildFile; fileRef = E432A15E1EB60BAE003C9E0E /* ActivityNotifying.swift */; };
		E432A1621EB60BEB003C9E0E /* ActivityNotifying.swift in Sources */ = {isa = PBXBuildFile; fileRef = E432A15E1EB60BAE003C9E0E /* ActivityNotifying.swift */; };
		E432A1631EB60DB2003C9E0E /* Hardware.swift in Sources */ = {isa = PBXBuildFile; fileRef = E432A15B1EB60A7C003C9E0E /* Hardware.swift */; };
		E432A1641EB60DB3003C9E0E /* Hardware.swift in Sources */ = {isa = PBXBuildFile; fileRef = E432A15B1EB60A7C003C9E0E /* Hardware.swift */; };
		E432A1681EB627D6003C9E0E /* ActivityDisplayModel.swift in Sources */ = {isa = PBXBuildFile; fileRef = E432A1671EB627D6003C9E0E /* ActivityDisplayModel.swift */; };
		E432A16A1EB6295A003C9E0E /* ActivitiesCollectionViewCell.swift in Sources */ = {isa = PBXBuildFile; fileRef = E432A1691EB6295A003C9E0E /* ActivitiesCollectionViewCell.swift */; };
		E432A16D1EB62E3D003C9E0E /* ActivitiesDataManager.swift in Sources */ = {isa = PBXBuildFile; fileRef = E432A16C1EB62E3D003C9E0E /* ActivitiesDataManager.swift */; };
		E432A16F1EB62FC9003C9E0E /* ActivityModel.swift in Sources */ = {isa = PBXBuildFile; fileRef = E432A16E1EB62FC9003C9E0E /* ActivityModel.swift */; };
		E432A1711EB63054003C9E0E /* AppDependencies.swift in Sources */ = {isa = PBXBuildFile; fileRef = E432A1701EB63054003C9E0E /* AppDependencies.swift */; };
		E49EB1761EB4BCA400FBA04D /* AppDelegate.swift in Sources */ = {isa = PBXBuildFile; fileRef = E49EB1751EB4BCA400FBA04D /* AppDelegate.swift */; };
		E49EB1781EB4BCA400FBA04D /* ViewController.swift in Sources */ = {isa = PBXBuildFile; fileRef = E49EB1771EB4BCA400FBA04D /* ViewController.swift */; };
		E49EB17B1EB4BCA400FBA04D /* Main.storyboard in Resources */ = {isa = PBXBuildFile; fileRef = E49EB1791EB4BCA400FBA04D /* Main.storyboard */; };
		E49EB17D1EB4BCA400FBA04D /* Assets.xcassets in Resources */ = {isa = PBXBuildFile; fileRef = E49EB17C1EB4BCA400FBA04D /* Assets.xcassets */; };
		E49EB1801EB4BCA400FBA04D /* LaunchScreen.storyboard in Resources */ = {isa = PBXBuildFile; fileRef = E49EB17E1EB4BCA400FBA04D /* LaunchScreen.storyboard */; };
		E49EB18B1EB4BCA400FBA04D /* PatriotTests.swift in Sources */ = {isa = PBXBuildFile; fileRef = E49EB18A1EB4BCA400FBA04D /* PatriotTests.swift */; };
/* End PBXBuildFile section */

/* Begin PBXContainerItemProxy section */
		E49EB1871EB4BCA400FBA04D /* PBXContainerItemProxy */ = {
			isa = PBXContainerItemProxy;
			containerPortal = E49EB16A1EB4BCA400FBA04D /* Project object */;
			proxyType = 1;
			remoteGlobalIDString = E49EB1711EB4BCA400FBA04D;
			remoteInfo = Patriot;
		};
		E49EB19E1EB4C43C00FBA04D /* PBXContainerItemProxy */ = {
			isa = PBXContainerItemProxy;
			containerPortal = E49EB16A1EB4BCA400FBA04D /* Project object */;
			proxyType = 1;
			remoteGlobalIDString = E49EB1711EB4BCA400FBA04D;
			remoteInfo = Patriot;
		};
/* End PBXContainerItemProxy section */

/* Begin PBXFileReference section */
		0CAA05F84F96FE3062FC1D66 /* Pods-IntegrationTests.debug.xcconfig */ = {isa = PBXFileReference; includeInIndex = 1; lastKnownFileType = text.xcconfig; name = "Pods-IntegrationTests.debug.xcconfig"; path = "Pods/Target Support Files/Pods-IntegrationTests/Pods-IntegrationTests.debug.xcconfig"; sourceTree = "<group>"; };
		0FC5B585582339570622CC4E /* Pods_PatriotTests.framework */ = {isa = PBXFileReference; explicitFileType = wrapper.framework; includeInIndex = 0; path = Pods_PatriotTests.framework; sourceTree = BUILT_PRODUCTS_DIR; };
		6896CA38F42FD381333A5B0B /* Pods_Patriot.framework */ = {isa = PBXFileReference; explicitFileType = wrapper.framework; includeInIndex = 0; path = Pods_Patriot.framework; sourceTree = BUILT_PRODUCTS_DIR; };
		779D5DD5F11EDD9C9DD9ECAA /* Pods-PatriotTests.debug.xcconfig */ = {isa = PBXFileReference; includeInIndex = 1; lastKnownFileType = text.xcconfig; name = "Pods-PatriotTests.debug.xcconfig"; path = "Pods/Target Support Files/Pods-PatriotTests/Pods-PatriotTests.debug.xcconfig"; sourceTree = "<group>"; };
		8D126776005D773F26E28AEE /* Pods_IntegrationTests.framework */ = {isa = PBXFileReference; explicitFileType = wrapper.framework; includeInIndex = 0; path = Pods_IntegrationTests.framework; sourceTree = BUILT_PRODUCTS_DIR; };
		9E5DFBFE4CB69660C54284B5 /* Pods-IntegrationTests.release.xcconfig */ = {isa = PBXFileReference; includeInIndex = 1; lastKnownFileType = text.xcconfig; name = "Pods-IntegrationTests.release.xcconfig"; path = "Pods/Target Support Files/Pods-IntegrationTests/Pods-IntegrationTests.release.xcconfig"; sourceTree = "<group>"; };
		ACFFF650179FA7139DF7089E /* Pods-PatriotTests.release.xcconfig */ = {isa = PBXFileReference; includeInIndex = 1; lastKnownFileType = text.xcconfig; name = "Pods-PatriotTests.release.xcconfig"; path = "Pods/Target Support Files/Pods-PatriotTests/Pods-PatriotTests.release.xcconfig"; sourceTree = "<group>"; };
		B509096D8564412980F09864 /* Pods-Patriot.release.xcconfig */ = {isa = PBXFileReference; includeInIndex = 1; lastKnownFileType = text.xcconfig; name = "Pods-Patriot.release.xcconfig"; path = "Pods/Target Support Files/Pods-Patriot/Pods-Patriot.release.xcconfig"; sourceTree = "<group>"; };
		E432A1461EB607D4003C9E0E /* PhotonIntegrationTests.swift */ = {isa = PBXFileReference; fileEncoding = 4; lastKnownFileType = sourcecode.swift; path = PhotonIntegrationTests.swift; sourceTree = "<group>"; };
		E432A1471EB607D4003C9E0E /* PhotonManagerIntegrationTests.swift */ = {isa = PBXFileReference; fileEncoding = 4; lastKnownFileType = sourcecode.swift; path = PhotonManagerIntegrationTests.swift; sourceTree = "<group>"; };
		E432A14A1EB607E3003C9E0E /* Photon.swift */ = {isa = PBXFileReference; fileEncoding = 4; lastKnownFileType = sourcecode.swift; path = Photon.swift; sourceTree = "<group>"; };
		E432A14B1EB607E3003C9E0E /* PhotonManager.swift */ = {isa = PBXFileReference; fileEncoding = 4; lastKnownFileType = sourcecode.swift; path = PhotonManager.swift; sourceTree = "<group>"; };
		E432A1531EB609B4003C9E0E /* DeviceNotifying.swift */ = {isa = PBXFileReference; fileEncoding = 4; lastKnownFileType = sourcecode.swift; path = DeviceNotifying.swift; sourceTree = "<group>"; };
		E432A1571EB60A0A003C9E0E /* secret.swift */ = {isa = PBXFileReference; fileEncoding = 4; lastKnownFileType = sourcecode.swift; path = secret.swift; sourceTree = "<group>"; };
		E432A15B1EB60A7C003C9E0E /* Hardware.swift */ = {isa = PBXFileReference; fileEncoding = 4; lastKnownFileType = sourcecode.swift; path = Hardware.swift; sourceTree = "<group>"; };
		E432A15E1EB60BAE003C9E0E /* ActivityNotifying.swift */ = {isa = PBXFileReference; fileEncoding = 4; lastKnownFileType = sourcecode.swift; path = ActivityNotifying.swift; sourceTree = "<group>"; };
		E432A1651EB60EBF003C9E0E /* secret-template.swift */ = {isa = PBXFileReference; fileEncoding = 4; lastKnownFileType = sourcecode.swift; path = "secret-template.swift"; sourceTree = "<group>"; };
		E432A1671EB627D6003C9E0E /* ActivityDisplayModel.swift */ = {isa = PBXFileReference; fileEncoding = 4; lastKnownFileType = sourcecode.swift; path = ActivityDisplayModel.swift; sourceTree = "<group>"; };
		E432A1691EB6295A003C9E0E /* ActivitiesCollectionViewCell.swift */ = {isa = PBXFileReference; fileEncoding = 4; lastKnownFileType = sourcecode.swift; path = ActivitiesCollectionViewCell.swift; sourceTree = "<group>"; };
		E432A16C1EB62E3D003C9E0E /* ActivitiesDataManager.swift */ = {isa = PBXFileReference; fileEncoding = 4; lastKnownFileType = sourcecode.swift; path = ActivitiesDataManager.swift; sourceTree = "<group>"; };
		E432A16E1EB62FC9003C9E0E /* ActivityModel.swift */ = {isa = PBXFileReference; fileEncoding = 4; lastKnownFileType = sourcecode.swift; path = ActivityModel.swift; sourceTree = "<group>"; };
		E432A1701EB63054003C9E0E /* AppDependencies.swift */ = {isa = PBXFileReference; fileEncoding = 4; lastKnownFileType = sourcecode.swift; path = AppDependencies.swift; sourceTree = "<group>"; };
		E49EB1721EB4BCA400FBA04D /* Patriot.app */ = {isa = PBXFileReference; explicitFileType = wrapper.application; includeInIndex = 0; path = Patriot.app; sourceTree = BUILT_PRODUCTS_DIR; };
		E49EB1751EB4BCA400FBA04D /* AppDelegate.swift */ = {isa = PBXFileReference; lastKnownFileType = sourcecode.swift; path = AppDelegate.swift; sourceTree = "<group>"; };
		E49EB1771EB4BCA400FBA04D /* ViewController.swift */ = {isa = PBXFileReference; lastKnownFileType = sourcecode.swift; path = ViewController.swift; sourceTree = "<group>"; };
		E49EB17A1EB4BCA400FBA04D /* Base */ = {isa = PBXFileReference; lastKnownFileType = file.storyboard; name = Base; path = Base.lproj/Main.storyboard; sourceTree = "<group>"; };
		E49EB17C1EB4BCA400FBA04D /* Assets.xcassets */ = {isa = PBXFileReference; lastKnownFileType = folder.assetcatalog; path = Assets.xcassets; sourceTree = "<group>"; };
		E49EB17F1EB4BCA400FBA04D /* Base */ = {isa = PBXFileReference; lastKnownFileType = file.storyboard; name = Base; path = Base.lproj/LaunchScreen.storyboard; sourceTree = "<group>"; };
		E49EB1811EB4BCA400FBA04D /* Info.plist */ = {isa = PBXFileReference; lastKnownFileType = text.plist.xml; path = Info.plist; sourceTree = "<group>"; };
		E49EB1861EB4BCA400FBA04D /* PatriotTests.xctest */ = {isa = PBXFileReference; explicitFileType = wrapper.cfbundle; includeInIndex = 0; path = PatriotTests.xctest; sourceTree = BUILT_PRODUCTS_DIR; };
		E49EB18A1EB4BCA400FBA04D /* PatriotTests.swift */ = {isa = PBXFileReference; lastKnownFileType = sourcecode.swift; path = PatriotTests.swift; sourceTree = "<group>"; };
		E49EB18C1EB4BCA400FBA04D /* Info.plist */ = {isa = PBXFileReference; lastKnownFileType = text.plist.xml; path = Info.plist; sourceTree = "<group>"; };
		E49EB1991EB4C43C00FBA04D /* IntegrationTests.xctest */ = {isa = PBXFileReference; explicitFileType = wrapper.cfbundle; includeInIndex = 0; path = IntegrationTests.xctest; sourceTree = BUILT_PRODUCTS_DIR; };
		E49EB19D1EB4C43C00FBA04D /* Info.plist */ = {isa = PBXFileReference; lastKnownFileType = text.plist.xml; path = Info.plist; sourceTree = "<group>"; };
		FA0E2DDDF2812FD69A804252 /* Pods-Patriot.debug.xcconfig */ = {isa = PBXFileReference; includeInIndex = 1; lastKnownFileType = text.xcconfig; name = "Pods-Patriot.debug.xcconfig"; path = "Pods/Target Support Files/Pods-Patriot/Pods-Patriot.debug.xcconfig"; sourceTree = "<group>"; };
/* End PBXFileReference section */

/* Begin PBXFrameworksBuildPhase section */
		E49EB16F1EB4BCA400FBA04D /* Frameworks */ = {
			isa = PBXFrameworksBuildPhase;
			buildActionMask = 2147483647;
			files = (
				9820D3696E6F7AB1A5EEF0EE /* Pods_Patriot.framework in Frameworks */,
			);
			runOnlyForDeploymentPostprocessing = 0;
		};
		E49EB1831EB4BCA400FBA04D /* Frameworks */ = {
			isa = PBXFrameworksBuildPhase;
			buildActionMask = 2147483647;
			files = (
				70F41E728D67DB2D52369B26 /* Pods_PatriotTests.framework in Frameworks */,
			);
			runOnlyForDeploymentPostprocessing = 0;
		};
		E49EB1961EB4C43C00FBA04D /* Frameworks */ = {
			isa = PBXFrameworksBuildPhase;
			buildActionMask = 2147483647;
			files = (
				1A4140F8729E1FC3C7B6B1DF /* Pods_IntegrationTests.framework in Frameworks */,
			);
			runOnlyForDeploymentPostprocessing = 0;
		};
/* End PBXFrameworksBuildPhase section */

/* Begin PBXGroup section */
		5C8848E7C4AC49F6D9AEEFCA /* Frameworks */ = {
			isa = PBXGroup;
			children = (
				8D126776005D773F26E28AEE /* Pods_IntegrationTests.framework */,
				6896CA38F42FD381333A5B0B /* Pods_Patriot.framework */,
				0FC5B585582339570622CC4E /* Pods_PatriotTests.framework */,
			);
			name = Frameworks;
			sourceTree = "<group>";
		};
		B98DFDCF029A0A147D5EF072 /* Pods */ = {
			isa = PBXGroup;
			children = (
				0CAA05F84F96FE3062FC1D66 /* Pods-IntegrationTests.debug.xcconfig */,
				9E5DFBFE4CB69660C54284B5 /* Pods-IntegrationTests.release.xcconfig */,
				FA0E2DDDF2812FD69A804252 /* Pods-Patriot.debug.xcconfig */,
				B509096D8564412980F09864 /* Pods-Patriot.release.xcconfig */,
				779D5DD5F11EDD9C9DD9ECAA /* Pods-PatriotTests.debug.xcconfig */,
				ACFFF650179FA7139DF7089E /* Pods-PatriotTests.release.xcconfig */,
			);
			name = Pods;
			sourceTree = "<group>";
		};
		E432A14E1EB60852003C9E0E /* Hardware */ = {
			isa = PBXGroup;
			children = (
				E432A15E1EB60BAE003C9E0E /* ActivityNotifying.swift */,
				E432A1531EB609B4003C9E0E /* DeviceNotifying.swift */,
				E432A15B1EB60A7C003C9E0E /* Hardware.swift */,
				E432A14A1EB607E3003C9E0E /* Photon.swift */,
				E432A14B1EB607E3003C9E0E /* PhotonManager.swift */,
			);
			name = Hardware;
			sourceTree = "<group>";
		};
		E432A16B1EB62971003C9E0E /* Models */ = {
			isa = PBXGroup;
			children = (
				E432A16E1EB62FC9003C9E0E /* ActivityModel.swift */,
				E432A1671EB627D6003C9E0E /* ActivityDisplayModel.swift */,
			);
			name = Models;
			sourceTree = "<group>";
		};
		E49EB1691EB4BCA400FBA04D = {
			isa = PBXGroup;
			children = (
				E49EB1741EB4BCA400FBA04D /* Patriot */,
				E49EB1891EB4BCA400FBA04D /* PatriotTests */,
				E49EB19A1EB4C43C00FBA04D /* IntegrationTests */,
				E49EB1731EB4BCA400FBA04D /* Products */,
				B98DFDCF029A0A147D5EF072 /* Pods */,
				5C8848E7C4AC49F6D9AEEFCA /* Frameworks */,
			);
			sourceTree = "<group>";
		};
		E49EB1731EB4BCA400FBA04D /* Products */ = {
			isa = PBXGroup;
			children = (
				E49EB1721EB4BCA400FBA04D /* Patriot.app */,
				E49EB1861EB4BCA400FBA04D /* PatriotTests.xctest */,
				E49EB1991EB4C43C00FBA04D /* IntegrationTests.xctest */,
			);
			name = Products;
			sourceTree = "<group>";
		};
		E49EB1741EB4BCA400FBA04D /* Patriot */ = {
			isa = PBXGroup;
			children = (
				E432A16B1EB62971003C9E0E /* Models */,
				E432A1651EB60EBF003C9E0E /* secret-template.swift */,
				E432A1571EB60A0A003C9E0E /* secret.swift */,
				E432A14E1EB60852003C9E0E /* Hardware */,
				E49EB1751EB4BCA400FBA04D /* AppDelegate.swift */,
				E432A1701EB63054003C9E0E /* AppDependencies.swift */,
				E432A16C1EB62E3D003C9E0E /* ActivitiesDataManager.swift */,
				E432A1691EB6295A003C9E0E /* ActivitiesCollectionViewCell.swift */,
				E49EB1771EB4BCA400FBA04D /* ViewController.swift */,
				E49EB1791EB4BCA400FBA04D /* Main.storyboard */,
				E49EB17C1EB4BCA400FBA04D /* Assets.xcassets */,
				E49EB17E1EB4BCA400FBA04D /* LaunchScreen.storyboard */,
				E49EB1811EB4BCA400FBA04D /* Info.plist */,
			);
			path = Patriot;
			sourceTree = "<group>";
		};
		E49EB1891EB4BCA400FBA04D /* PatriotTests */ = {
			isa = PBXGroup;
			children = (
				E49EB18A1EB4BCA400FBA04D /* PatriotTests.swift */,
				E49EB18C1EB4BCA400FBA04D /* Info.plist */,
			);
			path = PatriotTests;
			sourceTree = "<group>";
		};
		E49EB19A1EB4C43C00FBA04D /* IntegrationTests */ = {
			isa = PBXGroup;
			children = (
				E432A1461EB607D4003C9E0E /* PhotonIntegrationTests.swift */,
				E432A1471EB607D4003C9E0E /* PhotonManagerIntegrationTests.swift */,
				E49EB19D1EB4C43C00FBA04D /* Info.plist */,
			);
			path = IntegrationTests;
			sourceTree = "<group>";
		};
/* End PBXGroup section */

/* Begin PBXNativeTarget section */
		E49EB1711EB4BCA400FBA04D /* Patriot */ = {
			isa = PBXNativeTarget;
			buildConfigurationList = E49EB18F1EB4BCA400FBA04D /* Build configuration list for PBXNativeTarget "Patriot" */;
			buildPhases = (
				954E8E201147216D4341ED27 /* [CP] Check Pods Manifest.lock */,
				E49EB16E1EB4BCA400FBA04D /* Sources */,
				E49EB16F1EB4BCA400FBA04D /* Frameworks */,
				E49EB1701EB4BCA400FBA04D /* Resources */,
				DA32613EF91A2F2282C9FB80 /* [CP] Embed Pods Frameworks */,
				23F244B85239FAEF1219D4F3 /* [CP] Copy Pods Resources */,
			);
			buildRules = (
			);
			dependencies = (
			);
			name = Patriot;
			productName = Patriot;
			productReference = E49EB1721EB4BCA400FBA04D /* Patriot.app */;
			productType = "com.apple.product-type.application";
		};
		E49EB1851EB4BCA400FBA04D /* PatriotTests */ = {
			isa = PBXNativeTarget;
			buildConfigurationList = E49EB1921EB4BCA400FBA04D /* Build configuration list for PBXNativeTarget "PatriotTests" */;
			buildPhases = (
				37CEEE3F3718CED796074324 /* [CP] Check Pods Manifest.lock */,
				E49EB1821EB4BCA400FBA04D /* Sources */,
				E49EB1831EB4BCA400FBA04D /* Frameworks */,
				E49EB1841EB4BCA400FBA04D /* Resources */,
				7D75659FD3CF0F24F76FE80F /* [CP] Embed Pods Frameworks */,
				A95E6D5DEC04C16364AE8D81 /* [CP] Copy Pods Resources */,
			);
			buildRules = (
			);
			dependencies = (
				E49EB1881EB4BCA400FBA04D /* PBXTargetDependency */,
			);
			name = PatriotTests;
			productName = PatriotTests;
			productReference = E49EB1861EB4BCA400FBA04D /* PatriotTests.xctest */;
			productType = "com.apple.product-type.bundle.unit-test";
		};
		E49EB1981EB4C43C00FBA04D /* IntegrationTests */ = {
			isa = PBXNativeTarget;
			buildConfigurationList = E49EB1A21EB4C43C00FBA04D /* Build configuration list for PBXNativeTarget "IntegrationTests" */;
			buildPhases = (
				C0C0539805970E667740E070 /* [CP] Check Pods Manifest.lock */,
				E49EB1951EB4C43C00FBA04D /* Sources */,
				E49EB1961EB4C43C00FBA04D /* Frameworks */,
				E49EB1971EB4C43C00FBA04D /* Resources */,
				4A58CBE586D05F38296A14B9 /* [CP] Embed Pods Frameworks */,
				7E7758966133C230F4CC28B6 /* [CP] Copy Pods Resources */,
			);
			buildRules = (
			);
			dependencies = (
				E49EB19F1EB4C43C00FBA04D /* PBXTargetDependency */,
			);
			name = IntegrationTests;
			productName = IntegrationTests;
			productReference = E49EB1991EB4C43C00FBA04D /* IntegrationTests.xctest */;
			productType = "com.apple.product-type.bundle.unit-test";
		};
/* End PBXNativeTarget section */

/* Begin PBXProject section */
		E49EB16A1EB4BCA400FBA04D /* Project object */ = {
			isa = PBXProject;
			attributes = {
				LastSwiftUpdateCheck = 0830;
				LastUpgradeCheck = 0830;
				ORGANIZATIONNAME = "Ron Lisle";
				TargetAttributes = {
					E49EB1711EB4BCA400FBA04D = {
						CreatedOnToolsVersion = 8.3.2;
						DevelopmentTeam = 65NFWK9633;
						ProvisioningStyle = Automatic;
					};
					E49EB1851EB4BCA400FBA04D = {
						CreatedOnToolsVersion = 8.3.2;
						DevelopmentTeam = 65NFWK9633;
						ProvisioningStyle = Automatic;
						TestTargetID = E49EB1711EB4BCA400FBA04D;
					};
					E49EB1981EB4C43C00FBA04D = {
						CreatedOnToolsVersion = 8.3.2;
						DevelopmentTeam = 65NFWK9633;
						ProvisioningStyle = Automatic;
						TestTargetID = E49EB1711EB4BCA400FBA04D;
					};
				};
			};
			buildConfigurationList = E49EB16D1EB4BCA400FBA04D /* Build configuration list for PBXProject "Patriot" */;
			compatibilityVersion = "Xcode 3.2";
			developmentRegion = English;
			hasScannedForEncodings = 0;
			knownRegions = (
				en,
				Base,
			);
			mainGroup = E49EB1691EB4BCA400FBA04D;
			productRefGroup = E49EB1731EB4BCA400FBA04D /* Products */;
			projectDirPath = "";
			projectRoot = "";
			targets = (
				E49EB1711EB4BCA400FBA04D /* Patriot */,
				E49EB1851EB4BCA400FBA04D /* PatriotTests */,
				E49EB1981EB4C43C00FBA04D /* IntegrationTests */,
			);
		};
/* End PBXProject section */

/* Begin PBXResourcesBuildPhase section */
		E49EB1701EB4BCA400FBA04D /* Resources */ = {
			isa = PBXResourcesBuildPhase;
			buildActionMask = 2147483647;
			files = (
				E49EB1801EB4BCA400FBA04D /* LaunchScreen.storyboard in Resources */,
				E49EB17D1EB4BCA400FBA04D /* Assets.xcassets in Resources */,
				E49EB17B1EB4BCA400FBA04D /* Main.storyboard in Resources */,
			);
			runOnlyForDeploymentPostprocessing = 0;
		};
		E49EB1841EB4BCA400FBA04D /* Resources */ = {
			isa = PBXResourcesBuildPhase;
			buildActionMask = 2147483647;
			files = (
			);
			runOnlyForDeploymentPostprocessing = 0;
		};
		E49EB1971EB4C43C00FBA04D /* Resources */ = {
			isa = PBXResourcesBuildPhase;
			buildActionMask = 2147483647;
			files = (
			);
			runOnlyForDeploymentPostprocessing = 0;
		};
/* End PBXResourcesBuildPhase section */

/* Begin PBXShellScriptBuildPhase section */
		23F244B85239FAEF1219D4F3 /* [CP] Copy Pods Resources */ = {
			isa = PBXShellScriptBuildPhase;
			buildActionMask = 2147483647;
			files = (
			);
			inputPaths = (
			);
			name = "[CP] Copy Pods Resources";
			outputPaths = (
			);
			runOnlyForDeploymentPostprocessing = 0;
			shellPath = /bin/sh;
			shellScript = "\"${SRCROOT}/Pods/Target Support Files/Pods-Patriot/Pods-Patriot-resources.sh\"\n";
			showEnvVarsInLog = 0;
		};
		37CEEE3F3718CED796074324 /* [CP] Check Pods Manifest.lock */ = {
			isa = PBXShellScriptBuildPhase;
			buildActionMask = 2147483647;
			files = (
			);
			inputPaths = (
			);
			name = "[CP] Check Pods Manifest.lock";
			outputPaths = (
			);
			runOnlyForDeploymentPostprocessing = 0;
			shellPath = /bin/sh;
			shellScript = "diff \"${PODS_ROOT}/../Podfile.lock\" \"${PODS_ROOT}/Manifest.lock\" > /dev/null\nif [ $? != 0 ] ; then\n    # print error to STDERR\n    echo \"error: The sandbox is not in sync with the Podfile.lock. Run 'pod install' or update your CocoaPods installation.\" >&2\n    exit 1\nfi\n";
			showEnvVarsInLog = 0;
		};
		4A58CBE586D05F38296A14B9 /* [CP] Embed Pods Frameworks */ = {
			isa = PBXShellScriptBuildPhase;
			buildActionMask = 2147483647;
			files = (
			);
			inputPaths = (
			);
			name = "[CP] Embed Pods Frameworks";
			outputPaths = (
			);
			runOnlyForDeploymentPostprocessing = 0;
			shellPath = /bin/sh;
			shellScript = "\"${SRCROOT}/Pods/Target Support Files/Pods-IntegrationTests/Pods-IntegrationTests-frameworks.sh\"\n";
			showEnvVarsInLog = 0;
		};
		7D75659FD3CF0F24F76FE80F /* [CP] Embed Pods Frameworks */ = {
			isa = PBXShellScriptBuildPhase;
			buildActionMask = 2147483647;
			files = (
			);
			inputPaths = (
			);
			name = "[CP] Embed Pods Frameworks";
			outputPaths = (
			);
			runOnlyForDeploymentPostprocessing = 0;
			shellPath = /bin/sh;
			shellScript = "\"${SRCROOT}/Pods/Target Support Files/Pods-PatriotTests/Pods-PatriotTests-frameworks.sh\"\n";
			showEnvVarsInLog = 0;
		};
		7E7758966133C230F4CC28B6 /* [CP] Copy Pods Resources */ = {
			isa = PBXShellScriptBuildPhase;
			buildActionMask = 2147483647;
			files = (
			);
			inputPaths = (
			);
			name = "[CP] Copy Pods Resources";
			outputPaths = (
			);
			runOnlyForDeploymentPostprocessing = 0;
			shellPath = /bin/sh;
			shellScript = "\"${SRCROOT}/Pods/Target Support Files/Pods-IntegrationTests/Pods-IntegrationTests-resources.sh\"\n";
			showEnvVarsInLog = 0;
		};
		954E8E201147216D4341ED27 /* [CP] Check Pods Manifest.lock */ = {
			isa = PBXShellScriptBuildPhase;
			buildActionMask = 2147483647;
			files = (
			);
			inputPaths = (
			);
			name = "[CP] Check Pods Manifest.lock";
			outputPaths = (
			);
			runOnlyForDeploymentPostprocessing = 0;
			shellPath = /bin/sh;
			shellScript = "diff \"${PODS_ROOT}/../Podfile.lock\" \"${PODS_ROOT}/Manifest.lock\" > /dev/null\nif [ $? != 0 ] ; then\n    # print error to STDERR\n    echo \"error: The sandbox is not in sync with the Podfile.lock. Run 'pod install' or update your CocoaPods installation.\" >&2\n    exit 1\nfi\n";
			showEnvVarsInLog = 0;
		};
		A95E6D5DEC04C16364AE8D81 /* [CP] Copy Pods Resources */ = {
			isa = PBXShellScriptBuildPhase;
			buildActionMask = 2147483647;
			files = (
			);
			inputPaths = (
			);
			name = "[CP] Copy Pods Resources";
			outputPaths = (
			);
			runOnlyForDeploymentPostprocessing = 0;
			shellPath = /bin/sh;
			shellScript = "\"${SRCROOT}/Pods/Target Support Files/Pods-PatriotTests/Pods-PatriotTests-resources.sh\"\n";
			showEnvVarsInLog = 0;
		};
		C0C0539805970E667740E070 /* [CP] Check Pods Manifest.lock */ = {
			isa = PBXShellScriptBuildPhase;
			buildActionMask = 2147483647;
			files = (
			);
			inputPaths = (
			);
			name = "[CP] Check Pods Manifest.lock";
			outputPaths = (
			);
			runOnlyForDeploymentPostprocessing = 0;
			shellPath = /bin/sh;
			shellScript = "diff \"${PODS_ROOT}/../Podfile.lock\" \"${PODS_ROOT}/Manifest.lock\" > /dev/null\nif [ $? != 0 ] ; then\n    # print error to STDERR\n    echo \"error: The sandbox is not in sync with the Podfile.lock. Run 'pod install' or update your CocoaPods installation.\" >&2\n    exit 1\nfi\n";
			showEnvVarsInLog = 0;
		};
		DA32613EF91A2F2282C9FB80 /* [CP] Embed Pods Frameworks */ = {
			isa = PBXShellScriptBuildPhase;
			buildActionMask = 2147483647;
			files = (
			);
			inputPaths = (
			);
			name = "[CP] Embed Pods Frameworks";
			outputPaths = (
			);
			runOnlyForDeploymentPostprocessing = 0;
			shellPath = /bin/sh;
			shellScript = "\"${SRCROOT}/Pods/Target Support Files/Pods-Patriot/Pods-Patriot-frameworks.sh\"\n";
			showEnvVarsInLog = 0;
		};
/* End PBXShellScriptBuildPhase section */

/* Begin PBXSourcesBuildPhase section */
		E49EB16E1EB4BCA400FBA04D /* Sources */ = {
			isa = PBXSourcesBuildPhase;
			buildActionMask = 2147483647;
			files = (
				E49EB1781EB4BCA400FBA04D /* ViewController.swift in Sources */,
				E432A14D1EB607E3003C9E0E /* PhotonManager.swift in Sources */,
				E432A15C1EB60A7C003C9E0E /* Hardware.swift in Sources */,
				E49EB1761EB4BCA400FBA04D /* AppDelegate.swift in Sources */,
				E432A1541EB609B4003C9E0E /* DeviceNotifying.swift in Sources */,
				E432A16A1EB6295A003C9E0E /* ActivitiesCollectionViewCell.swift in Sources */,
				E432A14C1EB607E3003C9E0E /* Photon.swift in Sources */,
				E432A1681EB627D6003C9E0E /* ActivityDisplayModel.swift in Sources */,
				E432A16F1EB62FC9003C9E0E /* ActivityModel.swift in Sources */,
				E432A15F1EB60BAE003C9E0E /* ActivityNotifying.swift in Sources */,
				E432A1711EB63054003C9E0E /* AppDependencies.swift in Sources */,
				E432A1581EB60A0A003C9E0E /* secret.swift in Sources */,
				E432A16D1EB62E3D003C9E0E /* ActivitiesDataManager.swift in Sources */,
			);
			runOnlyForDeploymentPostprocessing = 0;
		};
		E49EB1821EB4BCA400FBA04D /* Sources */ = {
			isa = PBXSourcesBuildPhase;
			buildActionMask = 2147483647;
			files = (
				E432A1621EB60BEB003C9E0E /* ActivityNotifying.swift in Sources */,
				E49EB18B1EB4BCA400FBA04D /* PatriotTests.swift in Sources */,
				E432A1511EB6087E003C9E0E /* PhotonManager.swift in Sources */,
				E432A1631EB60DB2003C9E0E /* Hardware.swift in Sources */,
				E432A14F1EB60879003C9E0E /* Photon.swift in Sources */,
				E432A1551EB609CA003C9E0E /* DeviceNotifying.swift in Sources */,
			);
			runOnlyForDeploymentPostprocessing = 0;
		};
		E49EB1951EB4C43C00FBA04D /* Sources */ = {
			isa = PBXSourcesBuildPhase;
			buildActionMask = 2147483647;
			files = (
				E432A1521EB6087F003C9E0E /* PhotonManager.swift in Sources */,
				E432A1481EB607D4003C9E0E /* PhotonIntegrationTests.swift in Sources */,
				E432A1611EB60BE9003C9E0E /* ActivityNotifying.swift in Sources */,
				E432A1501EB6087A003C9E0E /* Photon.swift in Sources */,
				E432A1561EB609CB003C9E0E /* DeviceNotifying.swift in Sources */,
				E432A1491EB607D4003C9E0E /* PhotonManagerIntegrationTests.swift in Sources */,
				E432A15A1EB60A10003C9E0E /* secret.swift in Sources */,
				E432A1641EB60DB3003C9E0E /* Hardware.swift in Sources */,
			);
			runOnlyForDeploymentPostprocessing = 0;
		};
/* End PBXSourcesBuildPhase section */

/* Begin PBXTargetDependency section */
		E49EB1881EB4BCA400FBA04D /* PBXTargetDependency */ = {
			isa = PBXTargetDependency;
			target = E49EB1711EB4BCA400FBA04D /* Patriot */;
			targetProxy = E49EB1871EB4BCA400FBA04D /* PBXContainerItemProxy */;
		};
		E49EB19F1EB4C43C00FBA04D /* PBXTargetDependency */ = {
			isa = PBXTargetDependency;
			target = E49EB1711EB4BCA400FBA04D /* Patriot */;
			targetProxy = E49EB19E1EB4C43C00FBA04D /* PBXContainerItemProxy */;
		};
/* End PBXTargetDependency section */

/* Begin PBXVariantGroup section */
		E49EB1791EB4BCA400FBA04D /* Main.storyboard */ = {
			isa = PBXVariantGroup;
			children = (
				E49EB17A1EB4BCA400FBA04D /* Base */,
			);
			name = Main.storyboard;
			sourceTree = "<group>";
		};
		E49EB17E1EB4BCA400FBA04D /* LaunchScreen.storyboard */ = {
			isa = PBXVariantGroup;
			children = (
				E49EB17F1EB4BCA400FBA04D /* Base */,
			);
			name = LaunchScreen.storyboard;
			sourceTree = "<group>";
		};
/* End PBXVariantGroup section */

/* Begin XCBuildConfiguration section */
		E49EB18D1EB4BCA400FBA04D /* Debug */ = {
			isa = XCBuildConfiguration;
			buildSettings = {
				ALWAYS_SEARCH_USER_PATHS = NO;
				CLANG_ANALYZER_NONNULL = YES;
				CLANG_ANALYZER_NUMBER_OBJECT_CONVERSION = YES_AGGRESSIVE;
				CLANG_CXX_LANGUAGE_STANDARD = "gnu++0x";
				CLANG_CXX_LIBRARY = "libc++";
				CLANG_ENABLE_MODULES = YES;
				CLANG_ENABLE_OBJC_ARC = YES;
				CLANG_WARN_BOOL_CONVERSION = YES;
				CLANG_WARN_CONSTANT_CONVERSION = YES;
				CLANG_WARN_DIRECT_OBJC_ISA_USAGE = YES_ERROR;
				CLANG_WARN_DOCUMENTATION_COMMENTS = YES;
				CLANG_WARN_EMPTY_BODY = YES;
				CLANG_WARN_ENUM_CONVERSION = YES;
				CLANG_WARN_INFINITE_RECURSION = YES;
				CLANG_WARN_INT_CONVERSION = YES;
				CLANG_WARN_OBJC_ROOT_CLASS = YES_ERROR;
				CLANG_WARN_SUSPICIOUS_MOVE = YES;
				CLANG_WARN_UNREACHABLE_CODE = YES;
				CLANG_WARN__DUPLICATE_METHOD_MATCH = YES;
				"CODE_SIGN_IDENTITY[sdk=iphoneos*]" = "iPhone Developer";
				COPY_PHASE_STRIP = NO;
				DEBUG_INFORMATION_FORMAT = dwarf;
				ENABLE_STRICT_OBJC_MSGSEND = YES;
				ENABLE_TESTABILITY = YES;
				GCC_C_LANGUAGE_STANDARD = gnu99;
				GCC_DYNAMIC_NO_PIC = NO;
				GCC_NO_COMMON_BLOCKS = YES;
				GCC_OPTIMIZATION_LEVEL = 0;
				GCC_PREPROCESSOR_DEFINITIONS = (
					"DEBUG=1",
					"$(inherited)",
				);
				GCC_WARN_64_TO_32_BIT_CONVERSION = YES;
				GCC_WARN_ABOUT_RETURN_TYPE = YES_ERROR;
				GCC_WARN_UNDECLARED_SELECTOR = YES;
				GCC_WARN_UNINITIALIZED_AUTOS = YES_AGGRESSIVE;
				GCC_WARN_UNUSED_FUNCTION = YES;
				GCC_WARN_UNUSED_VARIABLE = YES;
				IPHONEOS_DEPLOYMENT_TARGET = 9.3;
				MTL_ENABLE_DEBUG_INFO = YES;
				ONLY_ACTIVE_ARCH = YES;
				SDKROOT = iphoneos;
				SWIFT_ACTIVE_COMPILATION_CONDITIONS = DEBUG;
				SWIFT_OPTIMIZATION_LEVEL = "-Onone";
				TARGETED_DEVICE_FAMILY = "1,2";
			};
			name = Debug;
		};
		E49EB18E1EB4BCA400FBA04D /* Release */ = {
			isa = XCBuildConfiguration;
			buildSettings = {
				ALWAYS_SEARCH_USER_PATHS = NO;
				CLANG_ANALYZER_NONNULL = YES;
				CLANG_ANALYZER_NUMBER_OBJECT_CONVERSION = YES_AGGRESSIVE;
				CLANG_CXX_LANGUAGE_STANDARD = "gnu++0x";
				CLANG_CXX_LIBRARY = "libc++";
				CLANG_ENABLE_MODULES = YES;
				CLANG_ENABLE_OBJC_ARC = YES;
				CLANG_WARN_BOOL_CONVERSION = YES;
				CLANG_WARN_CONSTANT_CONVERSION = YES;
				CLANG_WARN_DIRECT_OBJC_ISA_USAGE = YES_ERROR;
				CLANG_WARN_DOCUMENTATION_COMMENTS = YES;
				CLANG_WARN_EMPTY_BODY = YES;
				CLANG_WARN_ENUM_CONVERSION = YES;
				CLANG_WARN_INFINITE_RECURSION = YES;
				CLANG_WARN_INT_CONVERSION = YES;
				CLANG_WARN_OBJC_ROOT_CLASS = YES_ERROR;
				CLANG_WARN_SUSPICIOUS_MOVE = YES;
				CLANG_WARN_UNREACHABLE_CODE = YES;
				CLANG_WARN__DUPLICATE_METHOD_MATCH = YES;
				"CODE_SIGN_IDENTITY[sdk=iphoneos*]" = "iPhone Developer";
				COPY_PHASE_STRIP = NO;
				DEBUG_INFORMATION_FORMAT = "dwarf-with-dsym";
				ENABLE_NS_ASSERTIONS = NO;
				ENABLE_STRICT_OBJC_MSGSEND = YES;
				GCC_C_LANGUAGE_STANDARD = gnu99;
				GCC_NO_COMMON_BLOCKS = YES;
				GCC_WARN_64_TO_32_BIT_CONVERSION = YES;
				GCC_WARN_ABOUT_RETURN_TYPE = YES_ERROR;
				GCC_WARN_UNDECLARED_SELECTOR = YES;
				GCC_WARN_UNINITIALIZED_AUTOS = YES_AGGRESSIVE;
				GCC_WARN_UNUSED_FUNCTION = YES;
				GCC_WARN_UNUSED_VARIABLE = YES;
				IPHONEOS_DEPLOYMENT_TARGET = 9.3;
				MTL_ENABLE_DEBUG_INFO = NO;
				SDKROOT = iphoneos;
				SWIFT_OPTIMIZATION_LEVEL = "-Owholemodule";
				TARGETED_DEVICE_FAMILY = "1,2";
				VALIDATE_PRODUCT = YES;
			};
			name = Release;
		};
		E49EB1901EB4BCA400FBA04D /* Debug */ = {
			isa = XCBuildConfiguration;
			baseConfigurationReference = FA0E2DDDF2812FD69A804252 /* Pods-Patriot.debug.xcconfig */;
			buildSettings = {
				ASSETCATALOG_COMPILER_APPICON_NAME = AppIcon;
				DEVELOPMENT_TEAM = 65NFWK9633;
				INFOPLIST_FILE = Patriot/Info.plist;
				LD_RUNPATH_SEARCH_PATHS = "$(inherited) @executable_path/Frameworks";
				PRODUCT_BUNDLE_IDENTIFIER = net.lisles.Patriot;
				PRODUCT_NAME = "$(TARGET_NAME)";
				SWIFT_VERSION = 3.0;
			};
			name = Debug;
		};
		E49EB1911EB4BCA400FBA04D /* Release */ = {
			isa = XCBuildConfiguration;
			baseConfigurationReference = B509096D8564412980F09864 /* Pods-Patriot.release.xcconfig */;
			buildSettings = {
				ASSETCATALOG_COMPILER_APPICON_NAME = AppIcon;
				DEVELOPMENT_TEAM = 65NFWK9633;
				INFOPLIST_FILE = Patriot/Info.plist;
				LD_RUNPATH_SEARCH_PATHS = "$(inherited) @executable_path/Frameworks";
				PRODUCT_BUNDLE_IDENTIFIER = net.lisles.Patriot;
				PRODUCT_NAME = "$(TARGET_NAME)";
				SWIFT_VERSION = 3.0;
			};
			name = Release;
		};
		E49EB1931EB4BCA400FBA04D /* Debug */ = {
			isa = XCBuildConfiguration;
			baseConfigurationReference = 779D5DD5F11EDD9C9DD9ECAA /* Pods-PatriotTests.debug.xcconfig */;
			buildSettings = {
				ALWAYS_EMBED_SWIFT_STANDARD_LIBRARIES = YES;
				BUNDLE_LOADER = "$(TEST_HOST)";
				DEVELOPMENT_TEAM = 65NFWK9633;
				INFOPLIST_FILE = PatriotTests/Info.plist;
				LD_RUNPATH_SEARCH_PATHS = "$(inherited) @executable_path/Frameworks @loader_path/Frameworks";
				PRODUCT_BUNDLE_IDENTIFIER = net.lisles.PatriotTests;
				PRODUCT_NAME = "$(TARGET_NAME)";
				SWIFT_VERSION = 3.0;
				TEST_HOST = "$(BUILT_PRODUCTS_DIR)/Patriot.app/Patriot";
			};
			name = Debug;
		};
		E49EB1941EB4BCA400FBA04D /* Release */ = {
			isa = XCBuildConfiguration;
			baseConfigurationReference = ACFFF650179FA7139DF7089E /* Pods-PatriotTests.release.xcconfig */;
			buildSettings = {
				ALWAYS_EMBED_SWIFT_STANDARD_LIBRARIES = YES;
				BUNDLE_LOADER = "$(TEST_HOST)";
				DEVELOPMENT_TEAM = 65NFWK9633;
				INFOPLIST_FILE = PatriotTests/Info.plist;
				LD_RUNPATH_SEARCH_PATHS = "$(inherited) @executable_path/Frameworks @loader_path/Frameworks";
				PRODUCT_BUNDLE_IDENTIFIER = net.lisles.PatriotTests;
				PRODUCT_NAME = "$(TARGET_NAME)";
				SWIFT_VERSION = 3.0;
				TEST_HOST = "$(BUILT_PRODUCTS_DIR)/Patriot.app/Patriot";
			};
			name = Release;
		};
		E49EB1A01EB4C43C00FBA04D /* Debug */ = {
			isa = XCBuildConfiguration;
			baseConfigurationReference = 0CAA05F84F96FE3062FC1D66 /* Pods-IntegrationTests.debug.xcconfig */;
			buildSettings = {
				BUNDLE_LOADER = "$(TEST_HOST)";
				DEVELOPMENT_TEAM = 65NFWK9633;
				INFOPLIST_FILE = IntegrationTests/Info.plist;
				IPHONEOS_DEPLOYMENT_TARGET = 10.3;
				LD_RUNPATH_SEARCH_PATHS = "$(inherited) @executable_path/Frameworks @loader_path/Frameworks";
				PRODUCT_BUNDLE_IDENTIFIER = net.lisles.IntegrationTests;
				PRODUCT_NAME = "$(TARGET_NAME)";
				SWIFT_VERSION = 3.0;
				TEST_HOST = "";
			};
			name = Debug;
		};
		E49EB1A11EB4C43C00FBA04D /* Release */ = {
			isa = XCBuildConfiguration;
			baseConfigurationReference = 9E5DFBFE4CB69660C54284B5 /* Pods-IntegrationTests.release.xcconfig */;
			buildSettings = {
				BUNDLE_LOADER = "$(TEST_HOST)";
				DEVELOPMENT_TEAM = 65NFWK9633;
				INFOPLIST_FILE = IntegrationTests/Info.plist;
				IPHONEOS_DEPLOYMENT_TARGET = 10.3;
				LD_RUNPATH_SEARCH_PATHS = "$(inherited) @executable_path/Frameworks @loader_path/Frameworks";
				PRODUCT_BUNDLE_IDENTIFIER = net.lisles.IntegrationTests;
				PRODUCT_NAME = "$(TARGET_NAME)";
				SWIFT_VERSION = 3.0;
				TEST_HOST = "";
			};
			name = Release;
		};
/* End XCBuildConfiguration section */

/* Begin XCConfigurationList section */
		E49EB16D1EB4BCA400FBA04D /* Build configuration list for PBXProject "Patriot" */ = {
			isa = XCConfigurationList;
			buildConfigurations = (
				E49EB18D1EB4BCA400FBA04D /* Debug */,
				E49EB18E1EB4BCA400FBA04D /* Release */,
			);
			defaultConfigurationIsVisible = 0;
			defaultConfigurationName = Release;
		};
		E49EB18F1EB4BCA400FBA04D /* Build configuration list for PBXNativeTarget "Patriot" */ = {
			isa = XCConfigurationList;
			buildConfigurations = (
				E49EB1901EB4BCA400FBA04D /* Debug */,
				E49EB1911EB4BCA400FBA04D /* Release */,
			);
			defaultConfigurationIsVisible = 0;
			defaultConfigurationName = Release;
		};
		E49EB1921EB4BCA400FBA04D /* Build configuration list for PBXNativeTarget "PatriotTests" */ = {
			isa = XCConfigurationList;
			buildConfigurations = (
				E49EB1931EB4BCA400FBA04D /* Debug */,
				E49EB1941EB4BCA400FBA04D /* Release */,
			);
			defaultConfigurationIsVisible = 0;
			defaultConfigurationName = Release;
		};
		E49EB1A21EB4C43C00FBA04D /* Build configuration list for PBXNativeTarget "IntegrationTests" */ = {
			isa = XCConfigurationList;
			buildConfigurations = (
				E49EB1A01EB4C43C00FBA04D /* Debug */,
				E49EB1A11EB4C43C00FBA04D /* Release */,
			);
			defaultConfigurationIsVisible = 0;
			defaultConfigurationName = Release;
		};
/* End XCConfigurationList section */
	};
	rootObject = E49EB16A1EB4BCA400FBA04D /* Project object */;
}
